// !$*UTF8*$!
{
	archiveVersion = 1;
	classes = {
	};
	objectVersion = 46;
	objects = {

/* Begin PBXBuildFile section */
		2830168719B4DA0F0069ED9A /* Foundation.framework in Frameworks */ = {isa = PBXBuildFile; fileRef = 2830168619B4DA0F0069ED9A /* Foundation.framework */; };
		2830168919B4DA0F0069ED9A /* CoreGraphics.framework in Frameworks */ = {isa = PBXBuildFile; fileRef = 2830168819B4DA0F0069ED9A /* CoreGraphics.framework */; };
		2830168B19B4DA0F0069ED9A /* UIKit.framework in Frameworks */ = {isa = PBXBuildFile; fileRef = 2830168A19B4DA0F0069ED9A /* UIKit.framework */; };
		2830169119B4DA0F0069ED9A /* InfoPlist.strings in Resources */ = {isa = PBXBuildFile; fileRef = 2830168F19B4DA0F0069ED9A /* InfoPlist.strings */; };
		2830169319B4DA0F0069ED9A /* main.m in Sources */ = {isa = PBXBuildFile; fileRef = 2830169219B4DA0F0069ED9A /* main.m */; };
		2830169719B4DA0F0069ED9A /* AppDelegate.m in Sources */ = {isa = PBXBuildFile; fileRef = 2830169619B4DA0F0069ED9A /* AppDelegate.m */; };
		2830169919B4DA0F0069ED9A /* Images.xcassets in Resources */ = {isa = PBXBuildFile; fileRef = 2830169819B4DA0F0069ED9A /* Images.xcassets */; };
		283016A019B4DA100069ED9A /* XCTest.framework in Frameworks */ = {isa = PBXBuildFile; fileRef = 2830169F19B4DA100069ED9A /* XCTest.framework */; };
		283016A119B4DA100069ED9A /* Foundation.framework in Frameworks */ = {isa = PBXBuildFile; fileRef = 2830168619B4DA0F0069ED9A /* Foundation.framework */; };
		283016A219B4DA100069ED9A /* UIKit.framework in Frameworks */ = {isa = PBXBuildFile; fileRef = 2830168A19B4DA0F0069ED9A /* UIKit.framework */; };
		283016AA19B4DA100069ED9A /* InfoPlist.strings in Resources */ = {isa = PBXBuildFile; fileRef = 283016A819B4DA100069ED9A /* InfoPlist.strings */; };
		283016AC19B4DA100069ED9A /* NotificationCenterDemoTests.m in Sources */ = {isa = PBXBuildFile; fileRef = 283016AB19B4DA100069ED9A /* NotificationCenterDemoTests.m */; };
		283016B819B4DBEC0069ED9A /* MainViewController.m in Sources */ = {isa = PBXBuildFile; fileRef = 283016B619B4DBEC0069ED9A /* MainViewController.m */; };
		283016B919B4DBEC0069ED9A /* MainViewController.xib in Resources */ = {isa = PBXBuildFile; fileRef = 283016B719B4DBEC0069ED9A /* MainViewController.xib */; };
		283016BD19B4DEF50069ED9A /* SecondViewController.m in Sources */ = {isa = PBXBuildFile; fileRef = 283016BB19B4DEF50069ED9A /* SecondViewController.m */; };
		283016BE19B4DEF50069ED9A /* SecondViewController.xib in Resources */ = {isa = PBXBuildFile; fileRef = 283016BC19B4DEF50069ED9A /* SecondViewController.xib */; };
/* End PBXBuildFile section */

/* Begin PBXContainerItemProxy section */
		283016A319B4DA100069ED9A /* PBXContainerItemProxy */ = {
			isa = PBXContainerItemProxy;
			containerPortal = 2830167B19B4DA0F0069ED9A /* Project object */;
			proxyType = 1;
			remoteGlobalIDString = 2830168219B4DA0F0069ED9A;
			remoteInfo = NotificationCenterDemo;
		};
/* End PBXContainerItemProxy section */

/* Begin PBXFileReference section */
		2830168319B4DA0F0069ED9A /* NotificationCenterDemo.app */ = {isa = PBXFileReference; explicitFileType = wrapper.application; includeInIndex = 0; path = NotificationCenterDemo.app; sourceTree = BUILT_PRODUCTS_DIR; };
		2830168619B4DA0F0069ED9A /* Foundation.framework */ = {isa = PBXFileReference; lastKnownFileType = wrapper.framework; name = Foundation.framework; path = System/Library/Frameworks/Foundation.framework; sourceTree = SDKROOT; };
		2830168819B4DA0F0069ED9A /* CoreGraphics.framework */ = {isa = PBXFileReference; lastKnownFileType = wrapper.framework; name = CoreGraphics.framework; path = System/Library/Frameworks/CoreGraphics.framework; sourceTree = SDKROOT; };
		2830168A19B4DA0F0069ED9A /* UIKit.framework */ = {isa = PBXFileReference; lastKnownFileType = wrapper.framework; name = UIKit.framework; path = System/Library/Frameworks/UIKit.framework; sourceTree = SDKROOT; };
		2830168E19B4DA0F0069ED9A /* NotificationCenterDemo-Info.plist */ = {isa = PBXFileReference; lastKnownFileType = text.plist.xml; path = "NotificationCenterDemo-Info.plist"; sourceTree = "<group>"; };
		2830169019B4DA0F0069ED9A /* en */ = {isa = PBXFileReference; lastKnownFileType = text.plist.strings; name = en; path = en.lproj/InfoPlist.strings; sourceTree = "<group>"; };
		2830169219B4DA0F0069ED9A /* main.m */ = {isa = PBXFileReference; lastKnownFileType = sourcecode.c.objc; path = main.m; sourceTree = "<group>"; };
		2830169419B4DA0F0069ED9A /* NotificationCenterDemo-Prefix.pch */ = {isa = PBXFileReference; lastKnownFileType = sourcecode.c.h; path = "NotificationCenterDemo-Prefix.pch"; sourceTree = "<group>"; };
		2830169519B4DA0F0069ED9A /* AppDelegate.h */ = {isa = PBXFileReference; lastKnownFileType = sourcecode.c.h; path = AppDelegate.h; sourceTree = "<group>"; };
		2830169619B4DA0F0069ED9A /* AppDelegate.m */ = {isa = PBXFileReference; lastKnownFileType = sourcecode.c.objc; path = AppDelegate.m; sourceTree = "<group>"; };
		2830169819B4DA0F0069ED9A /* Images.xcassets */ = {isa = PBXFileReference; lastKnownFileType = folder.assetcatalog; path = Images.xcassets; sourceTree = "<group>"; };
		2830169E19B4DA100069ED9A /* NotificationCenterDemoTests.xctest */ = {isa = PBXFileReference; explicitFileType = wrapper.cfbundle; includeInIndex = 0; path = NotificationCenterDemoTests.xctest; sourceTree = BUILT_PRODUCTS_DIR; };
		2830169F19B4DA100069ED9A /* XCTest.framework */ = {isa = PBXFileReference; lastKnownFileType = wrapper.framework; name = XCTest.framework; path = Library/Frameworks/XCTest.framework; sourceTree = DEVELOPER_DIR; };
		283016A719B4DA100069ED9A /* NotificationCenterDemoTests-Info.plist */ = {isa = PBXFileReference; lastKnownFileType = text.plist.xml; path = "NotificationCenterDemoTests-Info.plist"; sourceTree = "<group>"; };
		283016A919B4DA100069ED9A /* en */ = {isa = PBXFileReference; lastKnownFileType = text.plist.strings; name = en; path = en.lproj/InfoPlist.strings; sourceTree = "<group>"; };
		283016AB19B4DA100069ED9A /* NotificationCenterDemoTests.m */ = {isa = PBXFileReference; lastKnownFileType = sourcecode.c.objc; path = NotificationCenterDemoTests.m; sourceTree = "<group>"; };
		283016B519B4DBEC0069ED9A /* MainViewController.h */ = {isa = PBXFileReference; fileEncoding = 4; lastKnownFileType = sourcecode.c.h; path = MainViewController.h; sourceTree = "<group>"; };
		283016B619B4DBEC0069ED9A /* MainViewController.m */ = {isa = PBXFileReference; fileEncoding = 4; lastKnownFileType = sourcecode.c.objc; path = MainViewController.m; sourceTree = "<group>"; };
		283016B719B4DBEC0069ED9A /* MainViewController.xib */ = {isa = PBXFileReference; fileEncoding = 4; lastKnownFileType = file.xib; path = MainViewController.xib; sourceTree = "<group>"; };
		283016BA19B4DEF50069ED9A /* SecondViewController.h */ = {isa = PBXFileReference; fileEncoding = 4; lastKnownFileType = sourcecode.c.h; path = SecondViewController.h; sourceTree = "<group>"; };
		283016BB19B4DEF50069ED9A /* SecondViewController.m */ = {isa = PBXFileReference; fileEncoding = 4; lastKnownFileType = sourcecode.c.objc; path = SecondViewController.m; sourceTree = "<group>"; };
		283016BC19B4DEF50069ED9A /* SecondViewController.xib */ = {isa = PBXFileReference; fileEncoding = 4; lastKnownFileType = file.xib; path = SecondViewController.xib; sourceTree = "<group>"; };
/* End PBXFileReference section */

/* Begin PBXFrameworksBuildPhase section */
		2830168019B4DA0F0069ED9A /* Frameworks */ = {
			isa = PBXFrameworksBuildPhase;
			buildActionMask = 2147483647;
			files = (
				2830168919B4DA0F0069ED9A /* CoreGraphics.framework in Frameworks */,
				2830168B19B4DA0F0069ED9A /* UIKit.framework in Frameworks */,
				2830168719B4DA0F0069ED9A /* Foundation.framework in Frameworks */,
			);
			runOnlyForDeploymentPostprocessing = 0;
		};
		2830169B19B4DA100069ED9A /* Frameworks */ = {
			isa = PBXFrameworksBuildPhase;
			buildActionMask = 2147483647;
			files = (
				283016A019B4DA100069ED9A /* XCTest.framework in Frameworks */,
				283016A219B4DA100069ED9A /* UIKit.framework in Frameworks */,
				283016A119B4DA100069ED9A /* Foundation.framework in Frameworks */,
			);
			runOnlyForDeploymentPostprocessing = 0;
		};
/* End PBXFrameworksBuildPhase section */

/* Begin PBXGroup section */
		2830167A19B4DA0F0069ED9A = {
			isa = PBXGroup;
			children = (
				2830168C19B4DA0F0069ED9A /* NotificationCenterDemo */,
				283016A519B4DA100069ED9A /* NotificationCenterDemoTests */,
				2830168519B4DA0F0069ED9A /* Frameworks */,
				2830168419B4DA0F0069ED9A /* Products */,
			);
			sourceTree = "<group>";
		};
		2830168419B4DA0F0069ED9A /* Products */ = {
			isa = PBXGroup;
			children = (
				2830168319B4DA0F0069ED9A /* NotificationCenterDemo.app */,
				2830169E19B4DA100069ED9A /* NotificationCenterDemoTests.xctest */,
			);
			name = Products;
			sourceTree = "<group>";
		};
		2830168519B4DA0F0069ED9A /* Frameworks */ = {
			isa = PBXGroup;
			children = (
				2830168619B4DA0F0069ED9A /* Foundation.framework */,
				2830168819B4DA0F0069ED9A /* CoreGraphics.framework */,
				2830168A19B4DA0F0069ED9A /* UIKit.framework */,
				2830169F19B4DA100069ED9A /* XCTest.framework */,
			);
			name = Frameworks;
			sourceTree = "<group>";
		};
		2830168C19B4DA0F0069ED9A /* NotificationCenterDemo */ = {
			isa = PBXGroup;
			children = (
				2830169519B4DA0F0069ED9A /* AppDelegate.h */,
				2830169619B4DA0F0069ED9A /* AppDelegate.m */,
				2830169819B4DA0F0069ED9A /* Images.xcassets */,
				2830168D19B4DA0F0069ED9A /* Supporting Files */,
				283016B519B4DBEC0069ED9A /* MainViewController.h */,
				283016B619B4DBEC0069ED9A /* MainViewController.m */,
				283016B719B4DBEC0069ED9A /* MainViewController.xib */,
				283016BA19B4DEF50069ED9A /* SecondViewController.h */,
				283016BB19B4DEF50069ED9A /* SecondViewController.m */,
				283016BC19B4DEF50069ED9A /* SecondViewController.xib */,
			);
			path = NotificationCenterDemo;
			sourceTree = "<group>";
		};
		2830168D19B4DA0F0069ED9A /* Supporting Files */ = {
			isa = PBXGroup;
			children = (
				2830168E19B4DA0F0069ED9A /* NotificationCenterDemo-Info.plist */,
				2830168F19B4DA0F0069ED9A /* InfoPlist.strings */,
				2830169219B4DA0F0069ED9A /* main.m */,
				2830169419B4DA0F0069ED9A /* NotificationCenterDemo-Prefix.pch */,
			);
			name = "Supporting Files";
			sourceTree = "<group>";
		};
		283016A519B4DA100069ED9A /* NotificationCenterDemoTests */ = {
			isa = PBXGroup;
			children = (
				283016AB19B4DA100069ED9A /* NotificationCenterDemoTests.m */,
				283016A619B4DA100069ED9A /* Supporting Files */,
			);
			path = NotificationCenterDemoTests;
			sourceTree = "<group>";
		};
		283016A619B4DA100069ED9A /* Supporting Files */ = {
			isa = PBXGroup;
			children = (
				283016A719B4DA100069ED9A /* NotificationCenterDemoTests-Info.plist */,
				283016A819B4DA100069ED9A /* InfoPlist.strings */,
			);
			name = "Supporting Files";
			sourceTree = "<group>";
		};
/* End PBXGroup section */

/* Begin PBXNativeTarget section */
		2830168219B4DA0F0069ED9A /* NotificationCenterDemo */ = {
			isa = PBXNativeTarget;
			buildConfigurationList = 283016AF19B4DA100069ED9A /* Build configuration list for PBXNativeTarget "NotificationCenterDemo" */;
			buildPhases = (
				2830167F19B4DA0F0069ED9A /* Sources */,
				2830168019B4DA0F0069ED9A /* Frameworks */,
				2830168119B4DA0F0069ED9A /* Resources */,
			);
			buildRules = (
			);
			dependencies = (
			);
			name = NotificationCenterDemo;
			productName = NotificationCenterDemo;
			productReference = 2830168319B4DA0F0069ED9A /* NotificationCenterDemo.app */;
			productType = "com.apple.product-type.application";
		};
		2830169D19B4DA100069ED9A /* NotificationCenterDemoTests */ = {
			isa = PBXNativeTarget;
			buildConfigurationList = 283016B219B4DA100069ED9A /* Build configuration list for PBXNativeTarget "NotificationCenterDemoTests" */;
			buildPhases = (
				2830169A19B4DA100069ED9A /* Sources */,
				2830169B19B4DA100069ED9A /* Frameworks */,
				2830169C19B4DA100069ED9A /* Resources */,
			);
			buildRules = (
			);
			dependencies = (
				283016A419B4DA100069ED9A /* PBXTargetDependency */,
			);
			name = NotificationCenterDemoTests;
			productName = NotificationCenterDemoTests;
			productReference = 2830169E19B4DA100069ED9A /* NotificationCenterDemoTests.xctest */;
			productType = "com.apple.product-type.bundle.unit-test";
		};
/* End PBXNativeTarget section */

/* Begin PBXProject section */
		2830167B19B4DA0F0069ED9A /* Project object */ = {
			isa = PBXProject;
			attributes = {
				LastUpgradeCheck = 0510;
				ORGANIZATIONNAME = vishva;
				TargetAttributes = {
					2830169D19B4DA100069ED9A = {
						TestTargetID = 2830168219B4DA0F0069ED9A;
					};
				};
			};
			buildConfigurationList = 2830167E19B4DA0F0069ED9A /* Build configuration list for PBXProject "NotificationCenterDemo" */;
			compatibilityVersion = "Xcode 3.2";
			developmentRegion = English;
			hasScannedForEncodings = 0;
			knownRegions = (
				en,
			);
			mainGroup = 2830167A19B4DA0F0069ED9A;
			productRefGroup = 2830168419B4DA0F0069ED9A /* Products */;
			projectDirPath = "";
			projectRoot = "";
			targets = (
				2830168219B4DA0F0069ED9A /* NotificationCenterDemo */,
				2830169D19B4DA100069ED9A /* NotificationCenterDemoTests */,
			);
		};
/* End PBXProject section */

/* Begin PBXResourcesBuildPhase section */
		2830168119B4DA0F0069ED9A /* Resources */ = {
			isa = PBXResourcesBuildPhase;
			buildActionMask = 2147483647;
			files = (
				283016BE19B4DEF50069ED9A /* SecondViewController.xib in Resources */,
				2830169119B4DA0F0069ED9A /* InfoPlist.strings in Resources */,
				283016B919B4DBEC0069ED9A /* MainViewController.xib in Resources */,
				2830169919B4DA0F0069ED9A /* Images.xcassets in Resources */,
			);
			runOnlyForDeploymentPostprocessing = 0;
		};
		2830169C19B4DA100069ED9A /* Resources */ = {
			isa = PBXResourcesBuildPhase;
			buildActionMask = 2147483647;
			files = (
				283016AA19B4DA100069ED9A /* InfoPlist.strings in Resources */,
			);
			runOnlyForDeploymentPostprocessing = 0;
		};
/* End PBXResourcesBuildPhase section */

/* Begin PBXSourcesBuildPhase section */
		2830167F19B4DA0F0069ED9A /* Sources */ = {
			isa = PBXSourcesBuildPhase;
			buildActionMask = 2147483647;
			files = (
				283016BD19B4DEF50069ED9A /* SecondViewController.m in Sources */,
				2830169719B4DA0F0069ED9A /* AppDelegate.m in Sources */,
				283016B819B4DBEC0069ED9A /* MainViewController.m in Sources */,
				2830169319B4DA0F0069ED9A /* main.m in Sources */,
			);
			runOnlyForDeploymentPostprocessing = 0;
		};
		2830169A19B4DA100069ED9A /* Sources */ = {
			isa = PBXSourcesBuildPhase;
			buildActionMask = 2147483647;
			files = (
				283016AC19B4DA100069ED9A /* NotificationCenterDemoTests.m in Sources */,
			);
			runOnlyForDeploymentPostprocessing = 0;
		};
/* End PBXSourcesBuildPhase section */

/* Begin PBXTargetDependency section */
		283016A419B4DA100069ED9A /* PBXTargetDependency */ = {
			isa = PBXTargetDependency;
			target = 2830168219B4DA0F0069ED9A /* NotificationCenterDemo */;
			targetProxy = 283016A319B4DA100069ED9A /* PBXContainerItemProxy */;
		};
/* End PBXTargetDependency section */

/* Begin PBXVariantGroup section */
		2830168F19B4DA0F0069ED9A /* InfoPlist.strings */ = {
			isa = PBXVariantGroup;
			children = (
				2830169019B4DA0F0069ED9A /* en */,
			);
			name = InfoPlist.strings;
			sourceTree = "<group>";
		};
		283016A819B4DA100069ED9A /* InfoPlist.strings */ = {
			isa = PBXVariantGroup;
			children = (
				283016A919B4DA100069ED9A /* en */,
			);
			name = InfoPlist.strings;
			sourceTree = "<group>";
		};
/* End PBXVariantGroup section */

/* Begin XCBuildConfiguration section */
		283016AD19B4DA100069ED9A /* Debug */ = {
			isa = XCBuildConfiguration;
			buildSettings = {
				ALWAYS_SEARCH_USER_PATHS = NO;
				CLANG_CXX_LANGUAGE_STANDARD = "gnu++0x";
				CLANG_CXX_LIBRARY = "libc++";
				CLANG_ENABLE_MODULES = YES;
				CLANG_ENABLE_OBJC_ARC = YES;
				CLANG_WARN_BOOL_CONVERSION = YES;
				CLANG_WARN_CONSTANT_CONVERSION = YES;
				CLANG_WARN_DIRECT_OBJC_ISA_USAGE = YES_ERROR;
				CLANG_WARN_EMPTY_BODY = YES;
				CLANG_WARN_ENUM_CONVERSION = YES;
				CLANG_WARN_INT_CONVERSION = YES;
				CLANG_WARN_OBJC_ROOT_CLASS = YES_ERROR;
				CLANG_WARN__DUPLICATE_METHOD_MATCH = YES;
				"CODE_SIGN_IDENTITY[sdk=iphoneos*]" = "iPhone Developer";
				COPY_PHASE_STRIP = NO;
				GCC_C_LANGUAGE_STANDARD = gnu99;
				GCC_DYNAMIC_NO_PIC = NO;
				GCC_OPTIMIZATION_LEVEL = 0;
				GCC_PREPROCESSOR_DEFINITIONS = (
					"DEBUG=1",
					"$(inherited)",
				);
				GCC_SYMBOLS_PRIVATE_EXTERN = NO;
				GCC_WARN_64_TO_32_BIT_CONVERSION = YES;
				GCC_WARN_ABOUT_RETURN_TYPE = YES_ERROR;
				GCC_WARN_UNDECLARED_SELECTOR = YES;
				GCC_WARN_UNINITIALIZED_AUTOS = YES_AGGRESSIVE;
				GCC_WARN_UNUSED_FUNCTION = YES;
				GCC_WARN_UNUSED_VARIABLE = YES;
				IPHONEOS_DEPLOYMENT_TARGET = 7.1;
				ONLY_ACTIVE_ARCH = YES;
				SDKROOT = iphoneos;
			};
			name = Debug;
		};
		283016AE19B4DA100069ED9A /* Release */ = {
			isa = XCBuildConfiguration;
			buildSettings = {
				ALWAYS_SEARCH_USER_PATHS = NO;
				CLANG_CXX_LANGUAGE_STANDARD = "gnu++0x";
				CLANG_CXX_LIBRARY = "libc++";
				CLANG_ENABLE_MODULES = YES;
				CLANG_ENABLE_OBJC_ARC = YES;
				CLANG_WARN_BOOL_CONVERSION = YES;
				CLANG_WARN_CONSTANT_CONVERSION = YES;
				CLANG_WARN_DIRECT_OBJC_ISA_USAGE = YES_ERROR;
				CLANG_WARN_EMPTY_BODY = YES;
				CLANG_WARN_ENUM_CONVERSION = YES;
				CLANG_WARN_INT_CONVERSION = YES;
				CLANG_WARN_OBJC_ROOT_CLASS = YES_ERROR;
				CLANG_WARN__DUPLICATE_METHOD_MATCH = YES;
				"CODE_SIGN_IDENTITY[sdk=iphoneos*]" = "iPhone Developer";
				COPY_PHASE_STRIP = YES;
				ENABLE_NS_ASSERTIONS = NO;
				GCC_C_LANGUAGE_STANDARD = gnu99;
				GCC_WARN_64_TO_32_BIT_CONVERSION = YES;
				GCC_WARN_ABOUT_RETURN_TYPE = YES_ERROR;
				GCC_WARN_UNDECLARED_SELECTOR = YES;
				GCC_WARN_UNINITIALIZED_AUTOS = YES_AGGRESSIVE;
				GCC_WARN_UNUSED_FUNCTION = YES;
				GCC_WARN_UNUSED_VARIABLE = YES;
				IPHONEOS_DEPLOYMENT_TARGET = 7.1;
				SDKROOT = iphoneos;
				VALIDATE_PRODUCT = YES;
			};
			name = Release;
		};
		283016B019B4DA100069ED9A /* Debug */ = {
			isa = XCBuildConfiguration;
			buildSettings = {
				ASSETCATALOG_COMPILER_APPICON_NAME = AppIcon;
				ASSETCATALOG_COMPILER_LAUNCHIMAGE_NAME = LaunchImage;
				GCC_PRECOMPILE_PREFIX_HEADER = YES;
				GCC_PREFIX_HEADER = "NotificationCenterDemo/NotificationCenterDemo-Prefix.pch";
				INFOPLIST_FILE = "NotificationCenterDemo/NotificationCenterDemo-Info.plist";
				IPHONEOS_DEPLOYMENT_TARGET = 6.1;
				PRODUCT_NAME = "$(TARGET_NAME)";
				WRAPPER_EXTENSION = app;
			};
			name = Debug;
		};
		283016B119B4DA100069ED9A /* Release */ = {
			isa = XCBuildConfiguration;
			buildSettings = {
				ASSETCATALOG_COMPILER_APPICON_NAME = AppIcon;
				ASSETCATALOG_COMPILER_LAUNCHIMAGE_NAME = LaunchImage;
				GCC_PRECOMPILE_PREFIX_HEADER = YES;
				GCC_PREFIX_HEADER = "NotificationCenterDemo/NotificationCenterDemo-Prefix.pch";
				INFOPLIST_FILE = "NotificationCenterDemo/NotificationCenterDemo-Info.plist";
				IPHONEOS_DEPLOYMENT_TARGET = 6.1;
				PRODUCT_NAME = "$(TARGET_NAME)";
				WRAPPER_EXTENSION = app;
			};
			name = Release;
		};
		283016B319B4DA100069ED9A /* Debug */ = {
			isa = XCBuildConfiguration;
			buildSettings = {
				BUNDLE_LOADER = "$(BUILT_PRODUCTS_DIR)/NotificationCenterDemo.app/NotificationCenterDemo";
				FRAMEWORK_SEARCH_PATHS = (
					"$(SDKROOT)/Developer/Library/Frameworks",
					"$(inherited)",
					"$(DEVELOPER_FRAMEWORKS_DIR)",
				);
				GCC_PRECOMPILE_PREFIX_HEADER = YES;
				GCC_PREFIX_HEADER = "NotificationCenterDemo/NotificationCenterDemo-Prefix.pch";
				GCC_PREPROCESSOR_DEFINITIONS = (
					"DEBUG=1",
					"$(inherited)",
				);
				INFOPLIST_FILE = "NotificationCenterDemoTests/NotificationCenterDemoTests-Info.plist";
				PRODUCT_NAME = "$(TARGET_NAME)";
				TEST_HOST = "$(BUNDLE_LOADER)";
				WRAPPER_EXTENSION = xctest;
			};
			name = Debug;
		};
		283016B419B4DA100069ED9A /* Release */ = {
			isa = XCBuildConfiguration;
			buildSettings = {
				BUNDLE_LOADER = "$(BUILT_PRODUCTS_DIR)/NotificationCenterDemo.app/NotificationCenterDemo";
				FRAMEWORK_SEARCH_PATHS = (
					"$(SDKROOT)/Developer/Library/Frameworks",
					"$(inherited)",
					"$(DEVELOPER_FRAMEWORKS_DIR)",
				);
				GCC_PRECOMPILE_PREFIX_HEADER = YES;
				GCC_PREFIX_HEADER = "NotificationCenterDemo/NotificationCenterDemo-Prefix.pch";
				INFOPLIST_FILE = "NotificationCenterDemoTests/NotificationCenterDemoTests-Info.plist";
				PRODUCT_NAME = "$(TARGET_NAME)";
				TEST_HOST = "$(BUNDLE_LOADER)";
				WRAPPER_EXTENSION = xctest;
			};
			name = Release;
		};
/* End XCBuildConfiguration section */

/* Begin XCConfigurationList section */
		2830167E19B4DA0F0069ED9A /* Build configuration list for PBXProject "NotificationCenterDemo" */ = {
			isa = XCConfigurationList;
			buildConfigurations = (
				283016AD19B4DA100069ED9A /* Debug */,
				283016AE19B4DA100069ED9A /* Release */,
			);
			defaultConfigurationIsVisible = 0;
			defaultConfigurationName = Release;
		};
		283016AF19B4DA100069ED9A /* Build configuration list for PBXNativeTarget "NotificationCenterDemo" */ = {
			isa = XCConfigurationList;
			buildConfigurations = (
				283016B019B4DA100069ED9A /* Debug */,
				283016B119B4DA100069ED9A /* Release */,
			);
			defaultConfigurationIsVisible = 0;
		};
		283016B219B4DA100069ED9A /* Build configuration list for PBXNativeTarget "NotificationCenterDemoTests" */ = {
			isa = XCConfigurationList;
			buildConfigurations = (
				283016B319B4DA100069ED9A /* Debug */,
				283016B419B4DA100069ED9A /* Release */,
			);
			defaultConfigurationIsVisible = 0;
		};
/* End XCConfigurationList section */
	};
	rootObject = 2830167B19B4DA0F0069ED9A /* Project object */;
}
